// !$*UTF8*$!
{
	archiveVersion = 1;
	classes = {
	};
	objectVersion = 50;
	objects = {

/* Begin PBXBuildFile section */
		F22D28EA24E387A200B6207B /* SplitScreen_2.vsh in Resources */ = {isa = PBXBuildFile; fileRef = F22D28E924E387A200B6207B /* SplitScreen_2.vsh */; };
		F22D28EC24E387B100B6207B /* SplitScreen_2.fsh in Resources */ = {isa = PBXBuildFile; fileRef = F22D28EB24E387B100B6207B /* SplitScreen_2.fsh */; };
		F22D28EF24E38AAE00B6207B /* SplitScreen_3.vsh in Resources */ = {isa = PBXBuildFile; fileRef = F22D28EE24E38AAE00B6207B /* SplitScreen_3.vsh */; };
		F22D28F424E38B4F00B6207B /* SplitScreen_3.fsh in Resources */ = {isa = PBXBuildFile; fileRef = F22D28F324E38B4F00B6207B /* SplitScreen_3.fsh */; };
		F22D28F724E38EEC00B6207B /* SplitScreen_4.vsh in Resources */ = {isa = PBXBuildFile; fileRef = F22D28F624E38EEC00B6207B /* SplitScreen_4.vsh */; };
		F22D28F924E38EFF00B6207B /* SplitScreen_4.fsh in Resources */ = {isa = PBXBuildFile; fileRef = F22D28F824E38EFF00B6207B /* SplitScreen_4.fsh */; };
		F22D28FC24E3903700B6207B /* SplitScreen_6.vsh in Resources */ = {isa = PBXBuildFile; fileRef = F22D28FB24E3903700B6207B /* SplitScreen_6.vsh */; };
		F22D28FE24E3904400B6207B /* SplitScreen_6.fsh in Resources */ = {isa = PBXBuildFile; fileRef = F22D28FD24E3904400B6207B /* SplitScreen_6.fsh */; };
		F22D290124E3915F00B6207B /* SplitScreen_9.vsh in Resources */ = {isa = PBXBuildFile; fileRef = F22D290024E3915F00B6207B /* SplitScreen_9.vsh */; };
		F22D290324E3916B00B6207B /* SplitScreen_9.fsh in Resources */ = {isa = PBXBuildFile; fileRef = F22D290224E3916B00B6207B /* SplitScreen_9.fsh */; };
		F22D297724E62D5C00B6207B /* xiaochen.png in Resources */ = {isa = PBXBuildFile; fileRef = F22D297624E62D5C00B6207B /* xiaochen.png */; };
		F28AFB4224E2392100866789 /* AppDelegate.m in Sources */ = {isa = PBXBuildFile; fileRef = F28AFB4124E2392100866789 /* AppDelegate.m */; };
		F28AFB4524E2392100866789 /* SceneDelegate.m in Sources */ = {isa = PBXBuildFile; fileRef = F28AFB4424E2392100866789 /* SceneDelegate.m */; };
		F28AFB4824E2392100866789 /* ViewController.m in Sources */ = {isa = PBXBuildFile; fileRef = F28AFB4724E2392100866789 /* ViewController.m */; };
		F28AFB4B24E2392100866789 /* Main.storyboard in Resources */ = {isa = PBXBuildFile; fileRef = F28AFB4924E2392100866789 /* Main.storyboard */; };
		F28AFB4D24E2392300866789 /* Assets.xcassets in Resources */ = {isa = PBXBuildFile; fileRef = F28AFB4C24E2392300866789 /* Assets.xcassets */; };
		F28AFB5024E2392300866789 /* LaunchScreen.storyboard in Resources */ = {isa = PBXBuildFile; fileRef = F28AFB4E24E2392300866789 /* LaunchScreen.storyboard */; };
		F28AFB5324E2392300866789 /* main.m in Sources */ = {isa = PBXBuildFile; fileRef = F28AFB5224E2392300866789 /* main.m */; };
		F28AFB5D24E23CE700866789 /* Normal.fsh in Resources */ = {isa = PBXBuildFile; fileRef = F28AFB5C24E23CE700866789 /* Normal.fsh */; };
		F28AFB5F24E23CFA00866789 /* Normal.vsh in Resources */ = {isa = PBXBuildFile; fileRef = F28AFB5E24E23CFA00866789 /* Normal.vsh */; };
		F28AFB6524E23D1B00866789 /* FilterBarCell.m in Sources */ = {isa = PBXBuildFile; fileRef = F28AFB6124E23D1B00866789 /* FilterBarCell.m */; };
		F28AFB6624E23D1B00866789 /* FilterBar.m in Sources */ = {isa = PBXBuildFile; fileRef = F28AFB6224E23D1B00866789 /* FilterBar.m */; };
/* End PBXBuildFile section */

/* Begin PBXFileReference section */
		F22D28E924E387A200B6207B /* SplitScreen_2.vsh */ = {isa = PBXFileReference; lastKnownFileType = sourcecode.glsl; path = SplitScreen_2.vsh; sourceTree = "<group>"; };
		F22D28EB24E387B100B6207B /* SplitScreen_2.fsh */ = {isa = PBXFileReference; lastKnownFileType = sourcecode.glsl; path = SplitScreen_2.fsh; sourceTree = "<group>"; };
		F22D28EE24E38AAE00B6207B /* SplitScreen_3.vsh */ = {isa = PBXFileReference; lastKnownFileType = sourcecode.glsl; path = SplitScreen_3.vsh; sourceTree = "<group>"; };
		F22D28F324E38B4F00B6207B /* SplitScreen_3.fsh */ = {isa = PBXFileReference; lastKnownFileType = sourcecode.glsl; path = SplitScreen_3.fsh; sourceTree = "<group>"; };
		F22D28F624E38EEC00B6207B /* SplitScreen_4.vsh */ = {isa = PBXFileReference; lastKnownFileType = sourcecode.glsl; path = SplitScreen_4.vsh; sourceTree = "<group>"; };
		F22D28F824E38EFF00B6207B /* SplitScreen_4.fsh */ = {isa = PBXFileReference; lastKnownFileType = sourcecode.glsl; path = SplitScreen_4.fsh; sourceTree = "<group>"; };
		F22D28FB24E3903700B6207B /* SplitScreen_6.vsh */ = {isa = PBXFileReference; lastKnownFileType = sourcecode.glsl; path = SplitScreen_6.vsh; sourceTree = "<group>"; };
		F22D28FD24E3904400B6207B /* SplitScreen_6.fsh */ = {isa = PBXFileReference; lastKnownFileType = sourcecode.glsl; path = SplitScreen_6.fsh; sourceTree = "<group>"; };
		F22D290024E3915F00B6207B /* SplitScreen_9.vsh */ = {isa = PBXFileReference; lastKnownFileType = sourcecode.glsl; path = SplitScreen_9.vsh; sourceTree = "<group>"; };
		F22D290224E3916B00B6207B /* SplitScreen_9.fsh */ = {isa = PBXFileReference; lastKnownFileType = sourcecode.glsl; path = SplitScreen_9.fsh; sourceTree = "<group>"; };
		F22D297624E62D5C00B6207B /* xiaochen.png */ = {isa = PBXFileReference; lastKnownFileType = image.png; path = xiaochen.png; sourceTree = "<group>"; };
		F28AFB3D24E2392100866789 /* OpenGL_ES_Filter_01.app */ = {isa = PBXFileReference; explicitFileType = wrapper.application; includeInIndex = 0; path = OpenGL_ES_Filter_01.app; sourceTree = BUILT_PRODUCTS_DIR; };
		F28AFB4024E2392100866789 /* AppDelegate.h */ = {isa = PBXFileReference; lastKnownFileType = sourcecode.c.h; path = AppDelegate.h; sourceTree = "<group>"; };
		F28AFB4124E2392100866789 /* AppDelegate.m */ = {isa = PBXFileReference; lastKnownFileType = sourcecode.c.objc; path = AppDelegate.m; sourceTree = "<group>"; };
		F28AFB4324E2392100866789 /* SceneDelegate.h */ = {isa = PBXFileReference; lastKnownFileType = sourcecode.c.h; path = SceneDelegate.h; sourceTree = "<group>"; };
		F28AFB4424E2392100866789 /* SceneDelegate.m */ = {isa = PBXFileReference; lastKnownFileType = sourcecode.c.objc; path = SceneDelegate.m; sourceTree = "<group>"; };
		F28AFB4624E2392100866789 /* ViewController.h */ = {isa = PBXFileReference; lastKnownFileType = sourcecode.c.h; path = ViewController.h; sourceTree = "<group>"; };
		F28AFB4724E2392100866789 /* ViewController.m */ = {isa = PBXFileReference; lastKnownFileType = sourcecode.c.objc; path = ViewController.m; sourceTree = "<group>"; };
		F28AFB4A24E2392100866789 /* Base */ = {isa = PBXFileReference; lastKnownFileType = file.storyboard; name = Base; path = Base.lproj/Main.storyboard; sourceTree = "<group>"; };
		F28AFB4C24E2392300866789 /* Assets.xcassets */ = {isa = PBXFileReference; lastKnownFileType = folder.assetcatalog; path = Assets.xcassets; sourceTree = "<group>"; };
		F28AFB4F24E2392300866789 /* Base */ = {isa = PBXFileReference; lastKnownFileType = file.storyboard; name = Base; path = Base.lproj/LaunchScreen.storyboard; sourceTree = "<group>"; };
		F28AFB5124E2392300866789 /* Info.plist */ = {isa = PBXFileReference; lastKnownFileType = text.plist.xml; path = Info.plist; sourceTree = "<group>"; };
		F28AFB5224E2392300866789 /* main.m */ = {isa = PBXFileReference; lastKnownFileType = sourcecode.c.objc; path = main.m; sourceTree = "<group>"; };
		F28AFB5C24E23CE700866789 /* Normal.fsh */ = {isa = PBXFileReference; lastKnownFileType = sourcecode.glsl; path = Normal.fsh; sourceTree = "<group>"; };
		F28AFB5E24E23CFA00866789 /* Normal.vsh */ = {isa = PBXFileReference; lastKnownFileType = sourcecode.glsl; path = Normal.vsh; sourceTree = "<group>"; };
		F28AFB6124E23D1B00866789 /* FilterBarCell.m */ = {isa = PBXFileReference; fileEncoding = 4; lastKnownFileType = sourcecode.c.objc; path = FilterBarCell.m; sourceTree = "<group>"; };
		F28AFB6224E23D1B00866789 /* FilterBar.m */ = {isa = PBXFileReference; fileEncoding = 4; lastKnownFileType = sourcecode.c.objc; path = FilterBar.m; sourceTree = "<group>"; };
		F28AFB6324E23D1B00866789 /* FilterBarCell.h */ = {isa = PBXFileReference; fileEncoding = 4; lastKnownFileType = sourcecode.c.h; path = FilterBarCell.h; sourceTree = "<group>"; };
		F28AFB6424E23D1B00866789 /* FilterBar.h */ = {isa = PBXFileReference; fileEncoding = 4; lastKnownFileType = sourcecode.c.h; path = FilterBar.h; sourceTree = "<group>"; };
/* End PBXFileReference section */

/* Begin PBXFrameworksBuildPhase section */
		F28AFB3A24E2392100866789 /* Frameworks */ = {
			isa = PBXFrameworksBuildPhase;
			buildActionMask = 2147483647;
			files = (
			);
			runOnlyForDeploymentPostprocessing = 0;
		};
/* End PBXFrameworksBuildPhase section */

/* Begin PBXGroup section */
		F22D28E824E3878500B6207B /* SplitScreen_2 */ = {
			isa = PBXGroup;
			children = (
				F22D28E924E387A200B6207B /* SplitScreen_2.vsh */,
				F22D28EB24E387B100B6207B /* SplitScreen_2.fsh */,
			);
			path = SplitScreen_2;
			sourceTree = "<group>";
		};
		F22D28ED24E38A6800B6207B /* SplitScreen_3 */ = {
			isa = PBXGroup;
			children = (
				F22D28EE24E38AAE00B6207B /* SplitScreen_3.vsh */,
				F22D28F324E38B4F00B6207B /* SplitScreen_3.fsh */,
			);
			path = SplitScreen_3;
			sourceTree = "<group>";
		};
		F22D28F524E38EBF00B6207B /* SplitScreen_4 */ = {
			isa = PBXGroup;
			children = (
				F22D28F624E38EEC00B6207B /* SplitScreen_4.vsh */,
				F22D28F824E38EFF00B6207B /* SplitScreen_4.fsh */,
			);
			path = SplitScreen_4;
			sourceTree = "<group>";
		};
		F22D28FA24E3902A00B6207B /* SplitScreen_6 */ = {
			isa = PBXGroup;
			children = (
				F22D28FB24E3903700B6207B /* SplitScreen_6.vsh */,
				F22D28FD24E3904400B6207B /* SplitScreen_6.fsh */,
			);
			path = SplitScreen_6;
			sourceTree = "<group>";
		};
		F22D28FF24E3915100B6207B /* SplitScreen_9 */ = {
			isa = PBXGroup;
			children = (
				F22D290024E3915F00B6207B /* SplitScreen_9.vsh */,
				F22D290224E3916B00B6207B /* SplitScreen_9.fsh */,
			);
			path = SplitScreen_9;
			sourceTree = "<group>";
		};
		F28AFB3424E2392100866789 = {
			isa = PBXGroup;
			children = (
				F28AFB3F24E2392100866789 /* OpenGL_ES_Filter_01 */,
				F28AFB3E24E2392100866789 /* Products */,
			);
			sourceTree = "<group>";
		};
		F28AFB3E24E2392100866789 /* Products */ = {
			isa = PBXGroup;
			children = (
				F28AFB3D24E2392100866789 /* OpenGL_ES_Filter_01.app */,
			);
			name = Products;
			sourceTree = "<group>";
		};
		F28AFB3F24E2392100866789 /* OpenGL_ES_Filter_01 */ = {
			isa = PBXGroup;
			children = (
				F22D297624E62D5C00B6207B /* xiaochen.png */,
				F28AFB4024E2392100866789 /* AppDelegate.h */,
				F28AFB4124E2392100866789 /* AppDelegate.m */,
				F28AFB4324E2392100866789 /* SceneDelegate.h */,
				F28AFB4424E2392100866789 /* SceneDelegate.m */,
				F28AFB4624E2392100866789 /* ViewController.h */,
				F28AFB4724E2392100866789 /* ViewController.m */,
				F28AFB6024E23D1B00866789 /* Tool */,
				F28AFB5A24E23CB400866789 /* Filter */,
				F28AFB4924E2392100866789 /* Main.storyboard */,
				F28AFB4C24E2392300866789 /* Assets.xcassets */,
				F28AFB4E24E2392300866789 /* LaunchScreen.storyboard */,
				F28AFB5124E2392300866789 /* Info.plist */,
				F28AFB5224E2392300866789 /* main.m */,
			);
			path = OpenGL_ES_Filter_01;
			sourceTree = "<group>";
		};
		F28AFB5A24E23CB400866789 /* Filter */ = {
			isa = PBXGroup;
			children = (
				F22D28FF24E3915100B6207B /* SplitScreen_9 */,
				F22D28FA24E3902A00B6207B /* SplitScreen_6 */,
				F22D28F524E38EBF00B6207B /* SplitScreen_4 */,
				F22D28ED24E38A6800B6207B /* SplitScreen_3 */,
				F22D28E824E3878500B6207B /* SplitScreen_2 */,
				F28AFB5B24E23CBD00866789 /* normal */,
			);
			path = Filter;
			sourceTree = "<group>";
		};
		F28AFB5B24E23CBD00866789 /* normal */ = {
			isa = PBXGroup;
			children = (
				F28AFB5C24E23CE700866789 /* Normal.fsh */,
				F28AFB5E24E23CFA00866789 /* Normal.vsh */,
			);
			path = normal;
			sourceTree = "<group>";
		};
		F28AFB6024E23D1B00866789 /* Tool */ = {
			isa = PBXGroup;
			children = (
				F28AFB6124E23D1B00866789 /* FilterBarCell.m */,
				F28AFB6224E23D1B00866789 /* FilterBar.m */,
				F28AFB6324E23D1B00866789 /* FilterBarCell.h */,
				F28AFB6424E23D1B00866789 /* FilterBar.h */,
			);
			path = Tool;
			sourceTree = "<group>";
		};
/* End PBXGroup section */

/* Begin PBXNativeTarget section */
		F28AFB3C24E2392100866789 /* OpenGL_ES_Filter_01 */ = {
			isa = PBXNativeTarget;
			buildConfigurationList = F28AFB5624E2392300866789 /* Build configuration list for PBXNativeTarget "OpenGL_ES_Filter_01" */;
			buildPhases = (
				F28AFB3924E2392100866789 /* Sources */,
				F28AFB3A24E2392100866789 /* Frameworks */,
				F28AFB3B24E2392100866789 /* Resources */,
			);
			buildRules = (
			);
			dependencies = (
			);
			name = OpenGL_ES_Filter_01;
			productName = OpenGL_ES_Filter_01;
			productReference = F28AFB3D24E2392100866789 /* OpenGL_ES_Filter_01.app */;
			productType = "com.apple.product-type.application";
		};
/* End PBXNativeTarget section */

/* Begin PBXProject section */
		F28AFB3524E2392100866789 /* Project object */ = {
			isa = PBXProject;
			attributes = {
				LastUpgradeCheck = 1150;
				ORGANIZATIONNAME = yuanfangzhuye;
				TargetAttributes = {
					F28AFB3C24E2392100866789 = {
						CreatedOnToolsVersion = 11.5;
					};
				};
			};
			buildConfigurationList = F28AFB3824E2392100866789 /* Build configuration list for PBXProject "OpenGL_ES_Filter_01" */;
			compatibilityVersion = "Xcode 9.3";
			developmentRegion = en;
			hasScannedForEncodings = 0;
			knownRegions = (
				en,
				Base,
			);
			mainGroup = F28AFB3424E2392100866789;
			productRefGroup = F28AFB3E24E2392100866789 /* Products */;
			projectDirPath = "";
			projectRoot = "";
			targets = (
				F28AFB3C24E2392100866789 /* OpenGL_ES_Filter_01 */,
			);
		};
/* End PBXProject section */

/* Begin PBXResourcesBuildPhase section */
		F28AFB3B24E2392100866789 /* Resources */ = {
			isa = PBXResourcesBuildPhase;
			buildActionMask = 2147483647;
			files = (
				F28AFB5F24E23CFA00866789 /* Normal.vsh in Resources */,
				F28AFB5024E2392300866789 /* LaunchScreen.storyboard in Resources */,
				F28AFB4D24E2392300866789 /* Assets.xcassets in Resources */,
				F22D290324E3916B00B6207B /* SplitScreen_9.fsh in Resources */,
				F22D290124E3915F00B6207B /* SplitScreen_9.vsh in Resources */,
				F22D28F424E38B4F00B6207B /* SplitScreen_3.fsh in Resources */,
				F22D28FE24E3904400B6207B /* SplitScreen_6.fsh in Resources */,
				F22D28F724E38EEC00B6207B /* SplitScreen_4.vsh in Resources */,
				F28AFB5D24E23CE700866789 /* Normal.fsh in Resources */,
				F22D28FC24E3903700B6207B /* SplitScreen_6.vsh in Resources */,
				F22D28F924E38EFF00B6207B /* SplitScreen_4.fsh in Resources */,
				F22D28EC24E387B100B6207B /* SplitScreen_2.fsh in Resources */,
				F22D297724E62D5C00B6207B /* xiaochen.png in Resources */,
				F22D28EA24E387A200B6207B /* SplitScreen_2.vsh in Resources */,
				F22D28EF24E38AAE00B6207B /* SplitScreen_3.vsh in Resources */,
				F28AFB4B24E2392100866789 /* Main.storyboard in Resources */,
			);
			runOnlyForDeploymentPostprocessing = 0;
		};
/* End PBXResourcesBuildPhase section */

/* Begin PBXSourcesBuildPhase section */
		F28AFB3924E2392100866789 /* Sources */ = {
			isa = PBXSourcesBuildPhase;
			buildActionMask = 2147483647;
			files = (
				F28AFB4824E2392100866789 /* ViewController.m in Sources */,
				F28AFB4224E2392100866789 /* AppDelegate.m in Sources */,
				F28AFB5324E2392300866789 /* main.m in Sources */,
				F28AFB6624E23D1B00866789 /* FilterBar.m in Sources */,
				F28AFB6524E23D1B00866789 /* FilterBarCell.m in Sources */,
				F28AFB4524E2392100866789 /* SceneDelegate.m in Sources */,
			);
			runOnlyForDeploymentPostprocessing = 0;
		};
/* End PBXSourcesBuildPhase section */

/* Begin PBXVariantGroup section */
		F28AFB4924E2392100866789 /* Main.storyboard */ = {
			isa = PBXVariantGroup;
			children = (
				F28AFB4A24E2392100866789 /* Base */,
			);
			name = Main.storyboard;
			sourceTree = "<group>";
		};
		F28AFB4E24E2392300866789 /* LaunchScreen.storyboard */ = {
			isa = PBXVariantGroup;
			children = (
				F28AFB4F24E2392300866789 /* Base */,
			);
			name = LaunchScreen.storyboard;
			sourceTree = "<group>";
		};
/* End PBXVariantGroup section */

/* Begin XCBuildConfiguration section */
		F28AFB5424E2392300866789 /* Debug */ = {
			isa = XCBuildConfiguration;
			buildSettings = {
				ALWAYS_SEARCH_USER_PATHS = NO;
				CLANG_ANALYZER_NONNULL = YES;
				CLANG_ANALYZER_NUMBER_OBJECT_CONVERSION = YES_AGGRESSIVE;
				CLANG_CXX_LANGUAGE_STANDARD = "gnu++14";
				CLANG_CXX_LIBRARY = "libc++";
				CLANG_ENABLE_MODULES = YES;
				CLANG_ENABLE_OBJC_ARC = YES;
				CLANG_ENABLE_OBJC_WEAK = YES;
				CLANG_WARN_BLOCK_CAPTURE_AUTORELEASING = YES;
				CLANG_WARN_BOOL_CONVERSION = YES;
				CLANG_WARN_COMMA = YES;
				CLANG_WARN_CONSTANT_CONVERSION = YES;
				CLANG_WARN_DEPRECATED_OBJC_IMPLEMENTATIONS = YES;
				CLANG_WARN_DIRECT_OBJC_ISA_USAGE = YES_ERROR;
				CLANG_WARN_DOCUMENTATION_COMMENTS = YES;
				CLANG_WARN_EMPTY_BODY = YES;
				CLANG_WARN_ENUM_CONVERSION = YES;
				CLANG_WARN_INFINITE_RECURSION = YES;
				CLANG_WARN_INT_CONVERSION = YES;
				CLANG_WARN_NON_LITERAL_NULL_CONVERSION = YES;
				CLANG_WARN_OBJC_IMPLICIT_RETAIN_SELF = YES;
				CLANG_WARN_OBJC_LITERAL_CONVERSION = YES;
				CLANG_WARN_OBJC_ROOT_CLASS = YES_ERROR;
				CLANG_WARN_RANGE_LOOP_ANALYSIS = YES;
				CLANG_WARN_STRICT_PROTOTYPES = YES;
				CLANG_WARN_SUSPICIOUS_MOVE = YES;
				CLANG_WARN_UNGUARDED_AVAILABILITY = YES_AGGRESSIVE;
				CLANG_WARN_UNREACHABLE_CODE = YES;
				CLANG_WARN__DUPLICATE_METHOD_MATCH = YES;
				COPY_PHASE_STRIP = NO;
				DEBUG_INFORMATION_FORMAT = dwarf;
				ENABLE_STRICT_OBJC_MSGSEND = YES;
				ENABLE_TESTABILITY = YES;
				GCC_C_LANGUAGE_STANDARD = gnu11;
				GCC_DYNAMIC_NO_PIC = NO;
				GCC_NO_COMMON_BLOCKS = YES;
				GCC_OPTIMIZATION_LEVEL = 0;
				GCC_PREPROCESSOR_DEFINITIONS = (
					"DEBUG=1",
					"$(inherited)",
				);
				GCC_WARN_64_TO_32_BIT_CONVERSION = YES;
				GCC_WARN_ABOUT_RETURN_TYPE = YES_ERROR;
				GCC_WARN_UNDECLARED_SELECTOR = YES;
				GCC_WARN_UNINITIALIZED_AUTOS = YES_AGGRESSIVE;
				GCC_WARN_UNUSED_FUNCTION = YES;
				GCC_WARN_UNUSED_VARIABLE = YES;
				IPHONEOS_DEPLOYMENT_TARGET = 13.5;
				MTL_ENABLE_DEBUG_INFO = INCLUDE_SOURCE;
				MTL_FAST_MATH = YES;
				ONLY_ACTIVE_ARCH = YES;
				SDKROOT = iphoneos;
			};
			name = Debug;
		};
		F28AFB5524E2392300866789 /* Release */ = {
			isa = XCBuildConfiguration;
			buildSettings = {
				ALWAYS_SEARCH_USER_PATHS = NO;
				CLANG_ANALYZER_NONNULL = YES;
				CLANG_ANALYZER_NUMBER_OBJECT_CONVERSION = YES_AGGRESSIVE;
				CLANG_CXX_LANGUAGE_STANDARD = "gnu++14";
				CLANG_CXX_LIBRARY = "libc++";
				CLANG_ENABLE_MODULES = YES;
				CLANG_ENABLE_OBJC_ARC = YES;
				CLANG_ENABLE_OBJC_WEAK = YES;
				CLANG_WARN_BLOCK_CAPTURE_AUTORELEASING = YES;
				CLANG_WARN_BOOL_CONVERSION = YES;
				CLANG_WARN_COMMA = YES;
				CLANG_WARN_CONSTANT_CONVERSION = YES;
				CLANG_WARN_DEPRECATED_OBJC_IMPLEMENTATIONS = YES;
				CLANG_WARN_DIRECT_OBJC_ISA_USAGE = YES_ERROR;
				CLANG_WARN_DOCUMENTATION_COMMENTS = YES;
				CLANG_WARN_EMPTY_BODY = YES;
				CLANG_WARN_ENUM_CONVERSION = YES;
				CLANG_WARN_INFINITE_RECURSION = YES;
				CLANG_WARN_INT_CONVERSION = YES;
				CLANG_WARN_NON_LITERAL_NULL_CONVERSION = YES;
				CLANG_WARN_OBJC_IMPLICIT_RETAIN_SELF = YES;
				CLANG_WARN_OBJC_LITERAL_CONVERSION = YES;
				CLANG_WARN_OBJC_ROOT_CLASS = YES_ERROR;
				CLANG_WARN_RANGE_LOOP_ANALYSIS = YES;
				CLANG_WARN_STRICT_PROTOTYPES = YES;
				CLANG_WARN_SUSPICIOUS_MOVE = YES;
				CLANG_WARN_UNGUARDED_AVAILABILITY = YES_AGGRESSIVE;
				CLANG_WARN_UNREACHABLE_CODE = YES;
				CLANG_WARN__DUPLICATE_METHOD_MATCH = YES;
				COPY_PHASE_STRIP = NO;
				DEBUG_INFORMATION_FORMAT = "dwarf-with-dsym";
				ENABLE_NS_ASSERTIONS = NO;
				ENABLE_STRICT_OBJC_MSGSEND = YES;
				GCC_C_LANGUAGE_STANDARD = gnu11;
				GCC_NO_COMMON_BLOCKS = YES;
				GCC_WARN_64_TO_32_BIT_CONVERSION = YES;
				GCC_WARN_ABOUT_RETURN_TYPE = YES_ERROR;
				GCC_WARN_UNDECLARED_SELECTOR = YES;
				GCC_WARN_UNINITIALIZED_AUTOS = YES_AGGRESSIVE;
				GCC_WARN_UNUSED_FUNCTION = YES;
				GCC_WARN_UNUSED_VARIABLE = YES;
				IPHONEOS_DEPLOYMENT_TARGET = 13.5;
				MTL_ENABLE_DEBUG_INFO = NO;
				MTL_FAST_MATH = YES;
				SDKROOT = iphoneos;
				VALIDATE_PRODUCT = YES;
			};
			name = Release;
		};
		F28AFB5724E2392300866789 /* Debug */ = {
			isa = XCBuildConfiguration;
			buildSettings = {
				ASSETCATALOG_COMPILER_APPICON_NAME = AppIcon;
				CODE_SIGN_STYLE = Automatic;
				INFOPLIST_FILE = OpenGL_ES_Filter_01/Info.plist;
				IPHONEOS_DEPLOYMENT_TARGET = 10.0;
				LD_RUNPATH_SEARCH_PATHS = (
					"$(inherited)",
					"@executable_path/Frameworks",
				);
				PRODUCT_BUNDLE_IDENTIFIER = "cn.com.yuanfangzhuye.OpenGL-ES-Filter-01";
				PRODUCT_NAME = "$(TARGET_NAME)";
				TARGETED_DEVICE_FAMILY = "1,2";
			};
			name = Debug;
		};
		F28AFB5824E2392300866789 /* Release */ = {
			isa = XCBuildConfiguration;
			buildSettings = {
				ASSETCATALOG_COMPILER_APPICON_NAME = AppIcon;
				CODE_SIGN_STYLE = Automatic;
				INFOPLIST_FILE = OpenGL_ES_Filter_01/Info.plist;
				IPHONEOS_DEPLOYMENT_TARGET = 10.0;
				LD_RUNPATH_SEARCH_PATHS = (
					"$(inherited)",
					"@executable_path/Frameworks",
				);
				PRODUCT_BUNDLE_IDENTIFIER = "cn.com.yuanfangzhuye.OpenGL-ES-Filter-01";
				PRODUCT_NAME = "$(TARGET_NAME)";
				TARGETED_DEVICE_FAMILY = "1,2";
			};
			name = Release;
		};
/* End XCBuildConfiguration section */

/* Begin XCConfigurationList section */
		F28AFB3824E2392100866789 /* Build configuration list for PBXProject "OpenGL_ES_Filter_01" */ = {
			isa = XCConfigurationList;
			buildConfigurations = (
				F28AFB5424E2392300866789 /* Debug */,
				F28AFB5524E2392300866789 /* Release */,
			);
			defaultConfigurationIsVisible = 0;
			defaultConfigurationName = Release;
		};
		F28AFB5624E2392300866789 /* Build configuration list for PBXNativeTarget "OpenGL_ES_Filter_01" */ = {
			isa = XCConfigurationList;
			buildConfigurations = (
				F28AFB5724E2392300866789 /* Debug */,
				F28AFB5824E2392300866789 /* Release */,
			);
			defaultConfigurationIsVisible = 0;
			defaultConfigurationName = Release;
		};
/* End XCConfigurationList section */
	};
	rootObject = F28AFB3524E2392100866789 /* Project object */;
}
